// This lockfile was autogenerated by Pants. To regenerate, run:
//
//    pants generate-lockfiles --resolve=lib2_resolver
//
// --- BEGIN PANTS LOCKFILE METADATA: DO NOT EDIT OR REMOVE ---
// {
//   "version": 3,
//   "valid_for_interpreter_constraints": [
//     "CPython==3.8.*"
//   ],
//   "generated_with_requirements": [
//     "loguru==0.7.2",
//     "pydantic==2.4.*"
//   ],
//   "manylinux": "manylinux2014",
//   "requirement_constraints": [],
//   "only_binary": [],
//   "no_binary": []
// }
// --- END PANTS LOCKFILE METADATA ---

{
  "allow_builds": true,
  "allow_prereleases": false,
  "allow_wheels": true,
  "build_isolation": true,
  "constraints": [],
  "locked_resolves": [
    {
      "locked_requirements": [
        {
          "artifacts": [
            {
              "algorithm": "sha256",
              "hash": "0641064de18ba7a25dee8f96403ebc39113d0cb953a01429249d5c7564666a43",
              "url": "https://files.pythonhosted.org/packages/28/78/d31230046e58c207284c6b2c4e8d96e6d3cb4e52354721b944d3e1ee4aa5/annotated_types-0.6.0-py3-none-any.whl"
            },
            {
              "algorithm": "sha256",
              "hash": "563339e807e53ffd9c267e99fc6d9ea23eb8443c08f112651963e24e22f84a5d",
              "url": "https://files.pythonhosted.org/packages/67/fe/8c7b275824c6d2cd17c93ee85d0ee81c090285b6d52f4876ccc47cf9c3c4/annotated_types-0.6.0.tar.gz"
            }
          ],
          "project_name": "annotated-types",
          "requires_dists": [
            "typing-extensions>=4.0.0; python_version < \"3.9\""
          ],
          "requires_python": ">=3.8",
          "version": "0.6.0"
        },
        {
          "artifacts": [
            {
              "algorithm": "sha256",
              "hash": "003d71e3d3ed35f0f8984898359d65b79e5b21943f78af86aa5491210429b8eb",
              "url": "https://files.pythonhosted.org/packages/03/0a/4f6fed21aa246c6b49b561ca55facacc2a44b87d65b8b92362a8e99ba202/loguru-0.7.2-py3-none-any.whl"
            },
            {
              "algorithm": "sha256",
              "hash": "e671a53522515f34fd406340ee968cb9ecafbc4b36c679da03c18fd8d0bd51ac",
              "url": "https://files.pythonhosted.org/packages/9e/30/d87a423766b24db416a46e9335b9602b054a72b96a88a241f2b09b560fa8/loguru-0.7.2.tar.gz"
            }
          ],
          "project_name": "loguru",
          "requires_dists": [
            "Sphinx==7.2.5; python_version >= \"3.9\" and extra == \"dev\"",
            "aiocontextvars>=0.2.0; python_version < \"3.7\"",
            "colorama==0.4.5; python_version < \"3.8\" and extra == \"dev\"",
            "colorama==0.4.6; python_version >= \"3.8\" and extra == \"dev\"",
            "colorama>=0.3.4; sys_platform == \"win32\"",
            "exceptiongroup==1.1.3; (python_version >= \"3.7\" and python_version < \"3.11\") and extra == \"dev\"",
            "freezegun==1.1.0; python_version < \"3.8\" and extra == \"dev\"",
            "freezegun==1.2.2; python_version >= \"3.8\" and extra == \"dev\"",
            "mypy==v0.910; python_version < \"3.6\" and extra == \"dev\"",
            "mypy==v0.971; (python_version >= \"3.6\" and python_version < \"3.7\") and extra == \"dev\"",
            "mypy==v1.4.1; (python_version >= \"3.7\" and python_version < \"3.8\") and extra == \"dev\"",
            "mypy==v1.5.1; python_version >= \"3.8\" and extra == \"dev\"",
            "pre-commit==3.4.0; python_version >= \"3.8\" and extra == \"dev\"",
            "pytest-cov==2.12.1; python_version < \"3.8\" and extra == \"dev\"",
            "pytest-cov==4.1.0; python_version >= \"3.8\" and extra == \"dev\"",
            "pytest-mypy-plugins==1.9.3; (python_version >= \"3.6\" and python_version < \"3.8\") and extra == \"dev\"",
            "pytest-mypy-plugins==3.0.0; python_version >= \"3.8\" and extra == \"dev\"",
            "pytest==6.1.2; python_version < \"3.8\" and extra == \"dev\"",
            "pytest==7.4.0; python_version >= \"3.8\" and extra == \"dev\"",
            "sphinx-autobuild==2021.3.14; python_version >= \"3.9\" and extra == \"dev\"",
            "sphinx-rtd-theme==1.3.0; python_version >= \"3.9\" and extra == \"dev\"",
            "tox==3.27.1; python_version < \"3.8\" and extra == \"dev\"",
            "tox==4.11.0; python_version >= \"3.8\" and extra == \"dev\"",
            "win32-setctime>=1.0.0; sys_platform == \"win32\""
          ],
          "requires_python": ">=3.5",
          "version": "0.7.2"
        },
        {
          "artifacts": [
            {
              "algorithm": "sha256",
              "hash": "bc3ddf669d234f4220e6e1c4d96b061abe0998185a8d7855c0126782b7abc8c1",
              "url": "https://files.pythonhosted.org/packages/73/66/0a72c9fcde42e5650c8d8d5c5c1873b9a3893018020c77ca8eb62708b923/pydantic-2.4.2-py3-none-any.whl"
            },
            {
              "algorithm": "sha256",
              "hash": "94f336138093a5d7f426aac732dcfe7ab4eb4da243c88f891d65deb4a2556ee7",
              "url": "https://files.pythonhosted.org/packages/df/e8/4f94ebd6972eff3babcea695d9634a4d60bea63955b9a4a413ec2fd3dd41/pydantic-2.4.2.tar.gz"
            }
          ],
          "project_name": "pydantic",
          "requires_dists": [
            "annotated-types>=0.4.0",
            "email-validator>=2.0.0; extra == \"email\"",
            "pydantic-core==2.10.1",
            "typing-extensions>=4.6.1"
          ],
          "requires_python": ">=3.7",
          "version": "2.4.2"
        },
        {
          "artifacts": [
            {
              "algorithm": "sha256",
              "hash": "e562617a45b5a9da5be4abe72b971d4f00bf8555eb29bb91ec2ef2be348cd132",
              "url": "https://files.pythonhosted.org/packages/c8/4c/1435b9c71e6f00ee4d866e9e4acd1d679cb512afe406efc0983a0c13fc10/pydantic_core-2.10.1-pp38-pypy38_pp73-musllinux_1_1_x86_64.whl"
            },
            {
              "algorithm": "sha256",
              "hash": "d99277877daf2efe074eae6338453a4ed54a2d93fb4678ddfe1209a0c93a2468",
              "url": "https://files.pythonhosted.org/packages/12/68/c7aa1266bd4e23d95a7fedf5874baed39c5b9a60c5f0a97d523ed8356c44/pydantic_core-2.10.1-cp38-cp38-manylinux_2_17_armv7l.manylinux2014_armv7l.whl"
            },
            {
              "algorithm": "sha256",
              "hash": "b00bc4619f60c853556b35f83731bd817f989cba3e97dc792bb8c97941b8053a",
              "url": "https://files.pythonhosted.org/packages/19/95/cd2e41b009ef5ef35001567115456c80414e723932dfd26685ee420e0cbf/pydantic_core-2.10.1-cp38-cp38-macosx_11_0_arm64.whl"
            },
            {
              "algorithm": "sha256",
              "hash": "7eb037106f5c6b3b0b864ad226b0b7ab58157124161d48e4b30c4a43fef8bc4b",
              "url": "https://files.pythonhosted.org/packages/3f/82/c50cf91f9a89f38e1519d6d4024cb57c9a42c15b1fd64f8b1404093d9a7f/pydantic_core-2.10.1-pp38-pypy38_pp73-manylinux_2_5_i686.manylinux1_i686.whl"
            },
            {
              "algorithm": "sha256",
              "hash": "631cb7415225954fdcc2a024119101946793e5923f6c4d73a5914d27eb3d3a05",
              "url": "https://files.pythonhosted.org/packages/53/f7/2319b5d77bd725180269a8c6157f37dd0cfa335b47350800574e7484f3c5/pydantic_core-2.10.1-pp38-pypy38_pp73-macosx_10_7_x86_64.whl"
            },
            {
              "algorithm": "sha256",
              "hash": "fa7db7558607afeccb33c0e4bf1c9a9a835e26599e76af6fe2fcea45904083a6",
              "url": "https://files.pythonhosted.org/packages/69/94/134f22de331ff0f612cd246523acf9ec8ce0bce84bd2d9054d61a74166dc/pydantic_core-2.10.1-cp38-cp38-manylinux_2_17_ppc64le.manylinux2014_ppc64le.whl"
            },
            {
              "algorithm": "sha256",
              "hash": "042462d8d6ba707fd3ce9649e7bf268633a41018d6a998fb5fbacb7e928a183e",
              "url": "https://files.pythonhosted.org/packages/7b/32/4c23d835f1aec938debae87527b4abe98bb65d49c7a48505167e03f65ec9/pydantic_core-2.10.1-cp38-cp38-manylinux_2_5_i686.manylinux1_i686.whl"
            },
            {
              "algorithm": "sha256",
              "hash": "4d966c47f9dd73c2d32a809d2be529112d509321c5310ebf54076812e6ecd884",
              "url": "https://files.pythonhosted.org/packages/93/35/15886e78deced0b90b1d7869ab7b77ba32549f15a608cce0788f6377660e/pydantic_core-2.10.1-pp38-pypy38_pp73-manylinux_2_17_x86_64.manylinux2014_x86_64.whl"
            },
            {
              "algorithm": "sha256",
              "hash": "0fa467fd300a6f046bdb248d40cd015b21b7576c168a6bb20aa22e595c8ffcdd",
              "url": "https://files.pythonhosted.org/packages/93/44/cae38dcb9eed4e7e5b6ae1a26d99097a3bc32ee959a147268abcb54a6c89/pydantic_core-2.10.1-cp38-cp38-manylinux_2_17_aarch64.manylinux2014_aarch64.whl"
            },
            {
              "algorithm": "sha256",
              "hash": "149b8a07712f45b332faee1a2258d8ef1fb4a36f88c0c17cb687f205c5dc6e7d",
              "url": "https://files.pythonhosted.org/packages/aa/c9/e007230e7989398216a427bcc38b92f72eb1938e3fcf1e22834c9df53882/pydantic_core-2.10.1-pp38-pypy38_pp73-manylinux_2_17_aarch64.manylinux2014_aarch64.whl"
            },
            {
              "algorithm": "sha256",
              "hash": "0f8682dbdd2f67f8e1edddcbffcc29f60a6182b4901c367fc8c1c40d30bb0a82",
              "url": "https://files.pythonhosted.org/packages/af/31/8e466c6ed47cddf23013d2f2ccf3fdb5b908ffa1d5c444150c41690d6eca/pydantic_core-2.10.1.tar.gz"
            },
            {
              "algorithm": "sha256",
              "hash": "ecdbde46235f3d560b18be0cb706c8e8ad1b965e5c13bbba7450c86064e96561",
              "url": "https://files.pythonhosted.org/packages/b3/03/4231e45a795f9637f03bf494c408425302654f41e78800c69937c758bd9e/pydantic_core-2.10.1-cp38-cp38-musllinux_1_1_aarch64.whl"
            },
            {
              "algorithm": "sha256",
              "hash": "6835451b57c1b467b95ffb03a38bb75b52fb4dc2762bb1d9dbed8de31ea7d0fc",
              "url": "https://files.pythonhosted.org/packages/be/cc/66adc75728ab224d7907cbea1c56c6ae52dfedc32a7097aec9a139e41f70/pydantic_core-2.10.1-cp38-cp38-macosx_10_7_x86_64.whl"
            },
            {
              "algorithm": "sha256",
              "hash": "154ea7c52e32dce13065dbb20a4a6f0cc012b4f667ac90d648d36b12007fa9f7",
              "url": "https://files.pythonhosted.org/packages/c4/67/a5c3f28ccf231cd3d44abab76b719e923767b50ec7c62f706187c4f5b14e/pydantic_core-2.10.1-pp38-pypy38_pp73-musllinux_1_1_aarch64.whl"
            },
            {
              "algorithm": "sha256",
              "hash": "bec7dd208a4182e99c5b6c501ce0b1f49de2802448d4056091f8e630b28e9a52",
              "url": "https://files.pythonhosted.org/packages/ce/8a/c8a1b8bc5f89ca9b3a1777b6b66cd0ec7a204bbc81ecd7eb3fba8133f461/pydantic_core-2.10.1-pp38-pypy38_pp73-macosx_11_0_arm64.whl"
            },
            {
              "algorithm": "sha256",
              "hash": "aad7bd686363d1ce4ee930ad39f14e1673248373f4a9d74d2b9554f06199fb58",
              "url": "https://files.pythonhosted.org/packages/d8/e1/f5b1466ffa7ab31db11655f52ba3bd98a9959e9b9ea94ddcc38ecccdb3d6/pydantic_core-2.10.1-cp38-cp38-manylinux_2_17_s390x.manylinux2014_s390x.whl"
            },
            {
              "algorithm": "sha256",
              "hash": "443fed67d33aa85357464f297e3d26e570267d1af6fef1c21ca50921d2976302",
              "url": "https://files.pythonhosted.org/packages/da/82/4139ea7aebec9e22be42d8a5342df5022b7b6b6deb10126dc3ff80b4d6fd/pydantic_core-2.10.1-cp38-cp38-manylinux_2_17_x86_64.manylinux2014_x86_64.whl"
            },
            {
              "algorithm": "sha256",
              "hash": "ed550ed05540c03f0e69e6d74ad58d026de61b9eaebebbaaf8873e585cbb18de",
              "url": "https://files.pythonhosted.org/packages/f1/27/dd4772d6ca3edd7fad8276ecb1386b5a950ac1c5421dc59b8be743bf26ae/pydantic_core-2.10.1-cp38-cp38-musllinux_1_1_x86_64.whl"
            }
          ],
          "project_name": "pydantic-core",
          "requires_dists": [
            "typing-extensions!=4.7.0,>=4.6.0"
          ],
          "requires_python": ">=3.7",
          "version": "2.10.1"
        },
        {
          "artifacts": [
            {
              "algorithm": "sha256",
              "hash": "af72aea155e91adfc61c3ae9e0e342dbc0cba726d6cba4b6c72c1f34e47291cd",
              "url": "https://files.pythonhosted.org/packages/b7/f4/6a90020cd2d93349b442bfcb657d0dc91eee65491600b2cb1d388bc98e6b/typing_extensions-4.9.0-py3-none-any.whl"
            },
            {
              "algorithm": "sha256",
              "hash": "23478f88c37f27d76ac8aee6c905017a143b0b1b886c3c9f66bc2fd94f9f5783",
              "url": "https://files.pythonhosted.org/packages/0c/1d/eb26f5e75100d531d7399ae800814b069bc2ed2a7410834d57374d010d96/typing_extensions-4.9.0.tar.gz"
            }
          ],
          "project_name": "typing-extensions",
          "requires_dists": [],
          "requires_python": ">=3.8",
          "version": "4.9.0"
        }
      ],
      "platform_tag": null
    }
  ],
  "path_mappings": {},
  "pex_version": "2.1.137",
  "pip_version": "23.1.2",
  "prefer_older_binary": false,
  "requirements": [
    "loguru==0.7.2",
    "pydantic==2.4.*"
  ],
  "requires_python": [
    "==3.8.*"
  ],
  "resolver_version": "pip-2020-resolver",
  "style": "universal",
  "target_systems": [
    "linux",
    "mac"
  ],
  "transitive": true,
  "use_pep517": null
}
