// This lockfile was autogenerated by Pants. To regenerate, run:
//
//    pants generate-lockfiles --resolve=resolver
//
// --- BEGIN PANTS LOCKFILE METADATA: DO NOT EDIT OR REMOVE ---
// {
//   "version": 3,
//   "valid_for_interpreter_constraints": [
//     "CPython==3.8.*"
//   ],
//   "generated_with_requirements": [
//     "fastapi==0.107.0",
//     "loguru==0.7.2",
//     "uvicorn==0.22.0"
//   ],
//   "manylinux": "manylinux2014",
//   "requirement_constraints": [],
//   "only_binary": [],
//   "no_binary": []
// }
// --- END PANTS LOCKFILE METADATA ---

{
  "allow_builds": true,
  "allow_prereleases": false,
  "allow_wheels": true,
  "build_isolation": true,
  "constraints": [],
  "locked_resolves": [
    {
      "locked_requirements": [
        {
          "artifacts": [
            {
              "algorithm": "sha256",
              "hash": "0641064de18ba7a25dee8f96403ebc39113d0cb953a01429249d5c7564666a43",
              "url": "https://files.pythonhosted.org/packages/28/78/d31230046e58c207284c6b2c4e8d96e6d3cb4e52354721b944d3e1ee4aa5/annotated_types-0.6.0-py3-none-any.whl"
            },
            {
              "algorithm": "sha256",
              "hash": "563339e807e53ffd9c267e99fc6d9ea23eb8443c08f112651963e24e22f84a5d",
              "url": "https://files.pythonhosted.org/packages/67/fe/8c7b275824c6d2cd17c93ee85d0ee81c090285b6d52f4876ccc47cf9c3c4/annotated_types-0.6.0.tar.gz"
            }
          ],
          "project_name": "annotated-types",
          "requires_dists": [
            "typing-extensions>=4.0.0; python_version < \"3.9\""
          ],
          "requires_python": ">=3.8",
          "version": "0.6.0"
        },
        {
          "artifacts": [
            {
              "algorithm": "sha256",
              "hash": "91dee416e570e92c64041bd18b900d1d6fa78dff7048769ce5ac5ddad004fbb5",
              "url": "https://files.pythonhosted.org/packages/19/24/44299477fe7dcc9cb58d0a57d5a7588d6af2ff403fdd2d47a246c91a3246/anyio-3.7.1-py3-none-any.whl"
            },
            {
              "algorithm": "sha256",
              "hash": "44a3c9aba0f5defa43261a8b3efb97891f2bd7d804e0e1f56419befa1adfc780",
              "url": "https://files.pythonhosted.org/packages/28/99/2dfd53fd55ce9838e6ff2d4dac20ce58263798bd1a0dbe18b3a9af3fcfce/anyio-3.7.1.tar.gz"
            }
          ],
          "project_name": "anyio",
          "requires_dists": [
            "Sphinx; extra == \"doc\"",
            "anyio[trio]; extra == \"test\"",
            "coverage[toml]>=4.5; extra == \"test\"",
            "exceptiongroup; python_version < \"3.11\"",
            "hypothesis>=4.0; extra == \"test\"",
            "idna>=2.8",
            "mock>=4; python_version < \"3.8\" and extra == \"test\"",
            "packaging; extra == \"doc\"",
            "psutil>=5.9; extra == \"test\"",
            "pytest-mock>=3.6.1; extra == \"test\"",
            "pytest>=7.0; extra == \"test\"",
            "sniffio>=1.1",
            "sphinx-autodoc-typehints>=1.2.0; extra == \"doc\"",
            "sphinx-rtd-theme>=1.2.2; extra == \"doc\"",
            "sphinxcontrib-jquery; extra == \"doc\"",
            "trio<0.22; extra == \"trio\"",
            "trustme; extra == \"test\"",
            "typing-extensions; python_version < \"3.8\"",
            "uvloop>=0.17; (python_version < \"3.12\" and platform_python_implementation == \"CPython\" and platform_system != \"Windows\") and extra == \"test\""
          ],
          "requires_python": ">=3.7",
          "version": "3.7.1"
        },
        {
          "artifacts": [
            {
              "algorithm": "sha256",
              "hash": "ae74fb96c20a0277a1d615f1e4d73c8414f5a98db8b799a7931d1582f3390c28",
              "url": "https://files.pythonhosted.org/packages/00/2e/d53fa4befbf2cfa713304affc7ca780ce4fc1fd8710527771b58311a3229/click-8.1.7-py3-none-any.whl"
            },
            {
              "algorithm": "sha256",
              "hash": "ca9853ad459e787e2192211578cc907e7594e294c7ccc834310722b41b9ca6de",
              "url": "https://files.pythonhosted.org/packages/96/d3/f04c7bfcf5c1862a2a5b845c6b2b360488cf47af55dfa79c98f6a6bf98b5/click-8.1.7.tar.gz"
            }
          ],
          "project_name": "click",
          "requires_dists": [
            "colorama; platform_system == \"Windows\"",
            "importlib-metadata; python_version < \"3.8\""
          ],
          "requires_python": ">=3.7",
          "version": "8.1.7"
        },
        {
          "artifacts": [
            {
              "algorithm": "sha256",
              "hash": "4bfd3996ac73b41e9b9628b04e079f193850720ea5945fc96a08633c66912f14",
              "url": "https://files.pythonhosted.org/packages/b8/9a/5028fd52db10e600f1c4674441b968cf2ea4959085bfb5b99fb1250e5f68/exceptiongroup-1.2.0-py3-none-any.whl"
            },
            {
              "algorithm": "sha256",
              "hash": "91f5c769735f051a4290d52edd0858999b57e5876e9f85937691bd4c9fa3ed68",
              "url": "https://files.pythonhosted.org/packages/8e/1c/beef724eaf5b01bb44b6338c8c3494eff7cab376fab4904cfbbc3585dc79/exceptiongroup-1.2.0.tar.gz"
            }
          ],
          "project_name": "exceptiongroup",
          "requires_dists": [
            "pytest>=6; extra == \"test\""
          ],
          "requires_python": ">=3.7",
          "version": "1.2.0"
        },
        {
          "artifacts": [
            {
              "algorithm": "sha256",
              "hash": "90a50056a958f75bdcd8c1638df342192705c293b03d74856755a17b3c40bed9",
              "url": "https://files.pythonhosted.org/packages/b7/9b/55a67813ff05c6173754a9115d0e1869628770af1f06a70a795ecc155498/fastapi-0.107.0-py3-none-any.whl"
            },
            {
              "algorithm": "sha256",
              "hash": "e75163706cee963459a0287d154e6b57f6d2ca8276b5c506c549fe13248d1770",
              "url": "https://files.pythonhosted.org/packages/80/14/a771dcf443a2683633ab3e4c529880be6bbf57641309906666f4ca75c1b9/fastapi-0.107.0.tar.gz"
            }
          ],
          "project_name": "fastapi",
          "requires_dists": [
            "anyio<4.0.0,>=3.7.1",
            "email-validator>=2.0.0; extra == \"all\"",
            "httpx>=0.23.0; extra == \"all\"",
            "itsdangerous>=1.1.0; extra == \"all\"",
            "jinja2>=2.11.2; extra == \"all\"",
            "orjson>=3.2.1; extra == \"all\"",
            "pydantic!=1.8,!=1.8.1,!=2.0.0,!=2.0.1,!=2.1.0,<3.0.0,>=1.7.4",
            "pydantic-extra-types>=2.0.0; extra == \"all\"",
            "pydantic-settings>=2.0.0; extra == \"all\"",
            "python-multipart>=0.0.5; extra == \"all\"",
            "pyyaml>=5.3.1; extra == \"all\"",
            "starlette<0.29.0,>=0.28.0",
            "typing-extensions>=4.8.0",
            "ujson!=4.0.2,!=4.1.0,!=4.2.0,!=4.3.0,!=5.0.0,!=5.1.0,>=4.0.1; extra == \"all\"",
            "uvicorn[standard]>=0.12.0; extra == \"all\""
          ],
          "requires_python": ">=3.8",
          "version": "0.107.0"
        },
        {
          "artifacts": [
            {
              "algorithm": "sha256",
              "hash": "e3fe4ac4b851c468cc8363d500db52c2ead036020723024a109d37346efaa761",
              "url": "https://files.pythonhosted.org/packages/95/04/ff642e65ad6b90db43e668d70ffb6736436c7ce41fcc549f4e9472234127/h11-0.14.0-py3-none-any.whl"
            },
            {
              "algorithm": "sha256",
              "hash": "8f19fbbe99e72420ff35c00b27a34cb9937e902a8b810e2c88300c6f0a3b699d",
              "url": "https://files.pythonhosted.org/packages/f5/38/3af3d3633a34a3316095b39c8e8fb4853a28a536e55d347bd8d8e9a14b03/h11-0.14.0.tar.gz"
            }
          ],
          "project_name": "h11",
          "requires_dists": [
            "typing-extensions; python_version < \"3.8\""
          ],
          "requires_python": ">=3.7",
          "version": "0.14.0"
        },
        {
          "artifacts": [
            {
              "algorithm": "sha256",
              "hash": "c05567e9c24a6b9faaa835c4821bad0590fbb9d5779e7caa6e1cc4978e7eb24f",
              "url": "https://files.pythonhosted.org/packages/c2/e7/a82b05cf63a603df6e68d59ae6a68bf5064484a0718ea5033660af4b54a9/idna-3.6-py3-none-any.whl"
            },
            {
              "algorithm": "sha256",
              "hash": "9ecdbbd083b06798ae1e86adcbfe8ab1479cf864e4ee30fe4e46a003d12491ca",
              "url": "https://files.pythonhosted.org/packages/bf/3f/ea4b9117521a1e9c50344b909be7886dd00a519552724809bb1f486986c2/idna-3.6.tar.gz"
            }
          ],
          "project_name": "idna",
          "requires_dists": [],
          "requires_python": ">=3.5",
          "version": "3.6"
        },
        {
          "artifacts": [
            {
              "algorithm": "sha256",
              "hash": "003d71e3d3ed35f0f8984898359d65b79e5b21943f78af86aa5491210429b8eb",
              "url": "https://files.pythonhosted.org/packages/03/0a/4f6fed21aa246c6b49b561ca55facacc2a44b87d65b8b92362a8e99ba202/loguru-0.7.2-py3-none-any.whl"
            },
            {
              "algorithm": "sha256",
              "hash": "e671a53522515f34fd406340ee968cb9ecafbc4b36c679da03c18fd8d0bd51ac",
              "url": "https://files.pythonhosted.org/packages/9e/30/d87a423766b24db416a46e9335b9602b054a72b96a88a241f2b09b560fa8/loguru-0.7.2.tar.gz"
            }
          ],
          "project_name": "loguru",
          "requires_dists": [
            "Sphinx==7.2.5; python_version >= \"3.9\" and extra == \"dev\"",
            "aiocontextvars>=0.2.0; python_version < \"3.7\"",
            "colorama==0.4.5; python_version < \"3.8\" and extra == \"dev\"",
            "colorama==0.4.6; python_version >= \"3.8\" and extra == \"dev\"",
            "colorama>=0.3.4; sys_platform == \"win32\"",
            "exceptiongroup==1.1.3; (python_version >= \"3.7\" and python_version < \"3.11\") and extra == \"dev\"",
            "freezegun==1.1.0; python_version < \"3.8\" and extra == \"dev\"",
            "freezegun==1.2.2; python_version >= \"3.8\" and extra == \"dev\"",
            "mypy==v0.910; python_version < \"3.6\" and extra == \"dev\"",
            "mypy==v0.971; (python_version >= \"3.6\" and python_version < \"3.7\") and extra == \"dev\"",
            "mypy==v1.4.1; (python_version >= \"3.7\" and python_version < \"3.8\") and extra == \"dev\"",
            "mypy==v1.5.1; python_version >= \"3.8\" and extra == \"dev\"",
            "pre-commit==3.4.0; python_version >= \"3.8\" and extra == \"dev\"",
            "pytest-cov==2.12.1; python_version < \"3.8\" and extra == \"dev\"",
            "pytest-cov==4.1.0; python_version >= \"3.8\" and extra == \"dev\"",
            "pytest-mypy-plugins==1.9.3; (python_version >= \"3.6\" and python_version < \"3.8\") and extra == \"dev\"",
            "pytest-mypy-plugins==3.0.0; python_version >= \"3.8\" and extra == \"dev\"",
            "pytest==6.1.2; python_version < \"3.8\" and extra == \"dev\"",
            "pytest==7.4.0; python_version >= \"3.8\" and extra == \"dev\"",
            "sphinx-autobuild==2021.3.14; python_version >= \"3.9\" and extra == \"dev\"",
            "sphinx-rtd-theme==1.3.0; python_version >= \"3.9\" and extra == \"dev\"",
            "tox==3.27.1; python_version < \"3.8\" and extra == \"dev\"",
            "tox==4.11.0; python_version >= \"3.8\" and extra == \"dev\"",
            "win32-setctime>=1.0.0; sys_platform == \"win32\""
          ],
          "requires_python": ">=3.5",
          "version": "0.7.2"
        },
        {
          "artifacts": [
            {
              "algorithm": "sha256",
              "hash": "d0caf5954bee831b6bfe7e338c32b9e30c85dfe080c843680783ac2b631673b4",
              "url": "https://files.pythonhosted.org/packages/dd/b7/9aea7ee6c01fe3f3c03b8ca3c7797c866df5fecece9d6cb27caa138db2e2/pydantic-2.5.3-py3-none-any.whl"
            },
            {
              "algorithm": "sha256",
              "hash": "b3ef57c62535b0941697cce638c08900d87fcb67e29cfa99e8a68f747f393f7a",
              "url": "https://files.pythonhosted.org/packages/aa/3f/56142232152145ecbee663d70a19a45d078180633321efb3847d2562b490/pydantic-2.5.3.tar.gz"
            }
          ],
          "project_name": "pydantic",
          "requires_dists": [
            "annotated-types>=0.4.0",
            "email-validator>=2.0.0; extra == \"email\"",
            "importlib-metadata; python_version == \"3.7\"",
            "pydantic-core==2.14.6",
            "typing-extensions>=4.6.1"
          ],
          "requires_python": ">=3.7",
          "version": "2.5.3"
        },
        {
          "artifacts": [
            {
              "algorithm": "sha256",
              "hash": "747265448cb57a9f37572a488a57d873fd96bf51e5bb7edb52cfb37124516da4",
              "url": "https://files.pythonhosted.org/packages/b2/4a/3be721510f2fea9ce56b25812e6d6ecea9833c06fa8ae479cd41beb404f5/pydantic_core-2.14.6-pp38-pypy38_pp73-musllinux_1_1_x86_64.whl"
            },
            {
              "algorithm": "sha256",
              "hash": "36026d8f99c58d7044413e1b819a67ca0e0b8ebe0f25e775e6c3d1fabb3c38fb",
              "url": "https://files.pythonhosted.org/packages/26/4b/da4ed701ee2ff392916f19149f8fb6d705282d96971cbf256142d0c11594/pydantic_core-2.14.6-cp38-cp38-manylinux_2_17_aarch64.manylinux2014_aarch64.whl"
            },
            {
              "algorithm": "sha256",
              "hash": "8ed1af8692bd8d2a29d702f1a2e6065416d76897d726e45a1775b1444f5928a7",
              "url": "https://files.pythonhosted.org/packages/39/10/dc849eb0c1890c99958d3ae2cfacb502e4d0ab0360c63c7a20231ea04b32/pydantic_core-2.14.6-cp38-cp38-manylinux_2_17_armv7l.manylinux2014_armv7l.whl"
            },
            {
              "algorithm": "sha256",
              "hash": "3860c62057acd95cc84044e758e47b18dcd8871a328ebc8ccdefd18b0d26a21b",
              "url": "https://files.pythonhosted.org/packages/43/39/cf14a183949bf162ab13a327b2f3a0f757e610f9c378a850e195d71bcfa0/pydantic_core-2.14.6-cp38-cp38-macosx_11_0_arm64.whl"
            },
            {
              "algorithm": "sha256",
              "hash": "399ac0891c284fa8eb998bcfa323f2234858f5d2efca3950ae58c8f88830f145",
              "url": "https://files.pythonhosted.org/packages/48/64/de5432d19c42adbb26c4513866e2639c37c9081687c670bf8dc16cedfb6f/pydantic_core-2.14.6-pp38-pypy38_pp73-macosx_11_0_arm64.whl"
            },
            {
              "algorithm": "sha256",
              "hash": "9c6a5c79b28003543db3ba67d1df336f253a87d3112dac3a51b94f7d48e4c0e1",
              "url": "https://files.pythonhosted.org/packages/51/47/9f996e867123189f0b12364b00057887b61193d3d004a4391450e980512f/pydantic_core-2.14.6-pp38-pypy38_pp73-manylinux_2_17_aarch64.manylinux2014_aarch64.whl"
            },
            {
              "algorithm": "sha256",
              "hash": "7f5025db12fc6de7bc1104d826d5aee1d172f9ba6ca936bf6474c2148ac336c1",
              "url": "https://files.pythonhosted.org/packages/55/d1/a291cef89adaa3d82b89055a010bd60560a7bda798e2e729d3dfeb875236/pydantic_core-2.14.6-cp38-cp38-musllinux_1_1_aarch64.whl"
            },
            {
              "algorithm": "sha256",
              "hash": "db453f2da3f59a348f514cfbfeb042393b68720787bbef2b4c6068ea362c8149",
              "url": "https://files.pythonhosted.org/packages/92/2a/8cff567680c0d5e03ef4da218656a61286add825b4733476e6ba13ffeee9/pydantic_core-2.14.6-cp38-cp38-macosx_10_7_x86_64.whl"
            },
            {
              "algorithm": "sha256",
              "hash": "599c87d79cab2a6a2a9df4aefe0455e61e7d2aeede2f8577c1b7c0aec643ee8e",
              "url": "https://files.pythonhosted.org/packages/97/9e/f42db0e2931cd67bf990d22215ec50444e31aa6e80e63b8531ab1a5f3ffb/pydantic_core-2.14.6-pp38-pypy38_pp73-manylinux_2_17_x86_64.manylinux2014_x86_64.whl"
            },
            {
              "algorithm": "sha256",
              "hash": "cf10b7d58ae4a1f07fccbf4a0a956d705356fea05fb4c70608bb6fa81d103cda",
              "url": "https://files.pythonhosted.org/packages/9e/0a/c56318f1668de782f31b6e9798217e2e5a99d4cce7a8eddffb60bebe3c09/pydantic_core-2.14.6-pp38-pypy38_pp73-macosx_10_7_x86_64.whl"
            },
            {
              "algorithm": "sha256",
              "hash": "2f6ffc6701a0eb28648c845f4945a194dc7ab3c651f535b81793251e1185ac3d",
              "url": "https://files.pythonhosted.org/packages/a5/5c/289261738045fa6b97e75d8c2ee110fab5c2d1025f7d345816f0f56f1c1e/pydantic_core-2.14.6-cp38-cp38-manylinux_2_5_i686.manylinux1_i686.whl"
            },
            {
              "algorithm": "sha256",
              "hash": "982487f8931067a32e72d40ab6b47b1628a9c5d344be7f1a4e668fb462d2da42",
              "url": "https://files.pythonhosted.org/packages/ab/3d/f4739255d8676debf398116e8ded523cf9bc9289a14734b3dc10645da67d/pydantic_core-2.14.6-cp38-cp38-manylinux_2_17_s390x.manylinux2014_s390x.whl"
            },
            {
              "algorithm": "sha256",
              "hash": "43e166ad47ba900f2542a80d83f9fc65fe99eb63ceec4debec160ae729824052",
              "url": "https://files.pythonhosted.org/packages/ae/91/b5d718de2fc191a1937470e79b53535cf0c3a87b2f21ee927710f4dd4570/pydantic_core-2.14.6-pp38-pypy38_pp73-manylinux_2_5_i686.manylinux1_i686.whl"
            },
            {
              "algorithm": "sha256",
              "hash": "1fd0c1d395372843fba13a51c28e3bb9d59bd7aebfeb17358ffaaa1e4dbbe948",
              "url": "https://files.pythonhosted.org/packages/b2/7d/8304d8471cfe4288f95a3065ebda56f9790d087edc356ad5bd83c89e2d79/pydantic_core-2.14.6.tar.gz"
            },
            {
              "algorithm": "sha256",
              "hash": "dab03ed811ed1c71d700ed08bde8431cf429bbe59e423394f0f4055f1ca0ea60",
              "url": "https://files.pythonhosted.org/packages/d7/8a/d2c7668e15d3be9157e8328712db22568770640fdcc3a13f4ff0cdd87ee9/pydantic_core-2.14.6-cp38-cp38-musllinux_1_1_x86_64.whl"
            },
            {
              "algorithm": "sha256",
              "hash": "2dbe357bc4ddda078f79d2a36fc1dd0494a7f2fad83a0a684465b6f24b46fe80",
              "url": "https://files.pythonhosted.org/packages/dd/3d/1a5936fc5558521e8aae22dfb7f0ae6b649040b5fcef7f25be1371d02752/pydantic_core-2.14.6-cp38-cp38-manylinux_2_17_x86_64.manylinux2014_x86_64.whl"
            },
            {
              "algorithm": "sha256",
              "hash": "314ccc4264ce7d854941231cf71b592e30d8d368a71e50197c905874feacc8a8",
              "url": "https://files.pythonhosted.org/packages/df/ea/435b1ad6890eec709e49dbcc5c0a72ca62ff8c6e62cfc45b7386e5e4cecc/pydantic_core-2.14.6-cp38-cp38-manylinux_2_17_ppc64le.manylinux2014_ppc64le.whl"
            },
            {
              "algorithm": "sha256",
              "hash": "3a0b5db001b98e1c649dd55afa928e75aa4087e587b9524a4992316fa23c9fba",
              "url": "https://files.pythonhosted.org/packages/e2/6d/789f2495c66c99a98b7a09a96145d5f3408941f839de7751995d9a5a8428/pydantic_core-2.14.6-pp38-pypy38_pp73-musllinux_1_1_aarch64.whl"
            }
          ],
          "project_name": "pydantic-core",
          "requires_dists": [
            "typing-extensions!=4.7.0,>=4.6.0"
          ],
          "requires_python": ">=3.7",
          "version": "2.14.6"
        },
        {
          "artifacts": [
            {
              "algorithm": "sha256",
              "hash": "eecefdce1e5bbfb7ad2eeaabf7c1eeb404d7757c379bd1f7e5cce9d8bf425384",
              "url": "https://files.pythonhosted.org/packages/c3/a0/5dba8ed157b0136607c7f2151db695885606968d1fae123dc3391e0cfdbf/sniffio-1.3.0-py3-none-any.whl"
            },
            {
              "algorithm": "sha256",
              "hash": "e60305c5e5d314f5389259b7f22aaa33d8f7dee49763119234af3755c55b9101",
              "url": "https://files.pythonhosted.org/packages/cd/50/d49c388cae4ec10e8109b1b833fd265511840706808576df3ada99ecb0ac/sniffio-1.3.0.tar.gz"
            }
          ],
          "project_name": "sniffio",
          "requires_dists": [],
          "requires_python": ">=3.7",
          "version": "1.3.0"
        },
        {
          "artifacts": [
            {
              "algorithm": "sha256",
              "hash": "e58b9fc402c579950260fbb6d57173395c4e62804c40d3ede7e9ef1074f0c579",
              "url": "https://files.pythonhosted.org/packages/ba/f3/3cca6acd03eb7e2da1dcf35148815d94e588bf7c1e555a002c888d8a23ee/starlette-0.28.0-py3-none-any.whl"
            },
            {
              "algorithm": "sha256",
              "hash": "7bf3da5e997e796cc202cef2bd3f96a7d9b1e1943203c2fe2b42e020bc658482",
              "url": "https://files.pythonhosted.org/packages/f2/7b/05e2ddc8d0da28c3c916d637cfe509d16e7a2e2cf7faa7cb888446326a30/starlette-0.28.0.tar.gz"
            }
          ],
          "project_name": "starlette",
          "requires_dists": [
            "anyio<5,>=3.4.0",
            "httpx>=0.22.0; extra == \"full\"",
            "itsdangerous; extra == \"full\"",
            "jinja2; extra == \"full\"",
            "python-multipart; extra == \"full\"",
            "pyyaml; extra == \"full\"",
            "typing-extensions>=3.10.0; python_version < \"3.10\""
          ],
          "requires_python": ">=3.7",
          "version": "0.28.0"
        },
        {
          "artifacts": [
            {
              "algorithm": "sha256",
              "hash": "af72aea155e91adfc61c3ae9e0e342dbc0cba726d6cba4b6c72c1f34e47291cd",
              "url": "https://files.pythonhosted.org/packages/b7/f4/6a90020cd2d93349b442bfcb657d0dc91eee65491600b2cb1d388bc98e6b/typing_extensions-4.9.0-py3-none-any.whl"
            },
            {
              "algorithm": "sha256",
              "hash": "23478f88c37f27d76ac8aee6c905017a143b0b1b886c3c9f66bc2fd94f9f5783",
              "url": "https://files.pythonhosted.org/packages/0c/1d/eb26f5e75100d531d7399ae800814b069bc2ed2a7410834d57374d010d96/typing_extensions-4.9.0.tar.gz"
            }
          ],
          "project_name": "typing-extensions",
          "requires_dists": [],
          "requires_python": ">=3.8",
          "version": "4.9.0"
        },
        {
          "artifacts": [
            {
              "algorithm": "sha256",
              "hash": "e9434d3bbf05f310e762147f769c9f21235ee118ba2d2bf1155a7196448bd996",
              "url": "https://files.pythonhosted.org/packages/ad/bd/d47ee02312640fcf26c7e1c807402d5c5eab468571153a94ec8f7ada0e46/uvicorn-0.22.0-py3-none-any.whl"
            },
            {
              "algorithm": "sha256",
              "hash": "79277ae03db57ce7d9aa0567830bbb51d7a612f54d6e1e3e92da3ef24c2c8ed8",
              "url": "https://files.pythonhosted.org/packages/c6/dd/0d3bab50ab4ef8bec849f89fec2adc2fabcc397018c30e57d9f0d4009c5e/uvicorn-0.22.0.tar.gz"
            }
          ],
          "project_name": "uvicorn",
          "requires_dists": [
            "click>=7.0",
            "colorama>=0.4; sys_platform == \"win32\" and extra == \"standard\"",
            "h11>=0.8",
            "httptools>=0.5.0; extra == \"standard\"",
            "python-dotenv>=0.13; extra == \"standard\"",
            "pyyaml>=5.1; extra == \"standard\"",
            "typing-extensions; python_version < \"3.8\"",
            "uvloop!=0.15.0,!=0.15.1,>=0.14.0; sys_platform != \"win32\" and (sys_platform != \"cygwin\" and platform_python_implementation != \"PyPy\") and extra == \"standard\"",
            "watchfiles>=0.13; extra == \"standard\"",
            "websockets>=10.4; extra == \"standard\""
          ],
          "requires_python": ">=3.7",
          "version": "0.22.0"
        }
      ],
      "platform_tag": null
    }
  ],
  "path_mappings": {},
  "pex_version": "2.1.137",
  "pip_version": "23.1.2",
  "prefer_older_binary": false,
  "requirements": [
    "fastapi==0.107.0",
    "loguru==0.7.2",
    "uvicorn==0.22.0"
  ],
  "requires_python": [
    "==3.8.*"
  ],
  "resolver_version": "pip-2020-resolver",
  "style": "universal",
  "target_systems": [
    "linux",
    "mac"
  ],
  "transitive": true,
  "use_pep517": null
}
